# This file is generated by running "yarn install" inside your project.
# Manual changes might be lost - proceed with caution!

__metadata:
  version: 4
  cacheKey: 7

"@babel/runtime@npm:^7.3.1, @babel/runtime@npm:^7.4.4, @babel/runtime@npm:^7.5.5, @babel/runtime@npm:^7.8.3, @babel/runtime@npm:^7.8.7":
  version: 7.12.1
  resolution: "@babel/runtime@npm:7.12.1"
  dependencies:
    regenerator-runtime: ^0.13.4
  checksum: 979d1c099c386031f96a952ee903e7bc3c60ae6e4eefe2bf49e4224014542d4ac2b1e2fb708031da36501a3842d4442dfdab38ab359ab3f46634b3c7cb5f6c6e
  languageName: node
  linkType: hard

"@emotion/hash@npm:^0.8.0":
  version: 0.8.0
  resolution: "@emotion/hash@npm:0.8.0"
  checksum: 8fd781e18428745d6c7121bebf3965cad12c61f3bd5fb773e46f16f1d7b7ae1346770df438fcfe8bc73ecf6762a54baef7cf259a694575d4f06cabb79ebcf7c0
  languageName: node
  linkType: hard

"@material-ui/core@npm:^4.11.0":
  version: 4.11.0
  resolution: "@material-ui/core@npm:4.11.0"
  dependencies:
    "@babel/runtime": ^7.4.4
    "@material-ui/styles": ^4.10.0
    "@material-ui/system": ^4.9.14
    "@material-ui/types": ^5.1.0
    "@material-ui/utils": ^4.10.2
    "@types/react-transition-group": ^4.2.0
    clsx: ^1.0.4
    hoist-non-react-statics: ^3.3.2
    popper.js: 1.16.1-lts
    prop-types: ^15.7.2
    react-is: ^16.8.0
    react-transition-group: ^4.4.0
  peerDependencies:
    "@types/react": ^16.8.6
    react: ^16.8.0
    react-dom: ^16.8.0
  peerDependenciesMeta:
    "@types/react":
      optional: true
  checksum: 02b3ada79f258f5e5d64fbab804c65d07ea3e8b2533e40c18fcab49c8065ebcb5acfea4ea0b033f2d91dee1fee3a6720f567c0c60f3be1bb5bd754be2d9bf322
  languageName: node
  linkType: hard

"@material-ui/icons@npm:^4.9.1":
  version: 4.9.1
  resolution: "@material-ui/icons@npm:4.9.1"
  dependencies:
    "@babel/runtime": ^7.4.4
  peerDependencies:
    "@material-ui/core": ^4.0.0
    "@types/react": ^16.8.6
    react: ^16.8.0
    react-dom: ^16.8.0
  peerDependenciesMeta:
    "@types/react":
      optional: true
  checksum: 110bb77f0758d16ad85b6a91f23fe05bac6790b30b6b1889b0578d7d42050c63c76e2764ec4991bdf342073de43e14ebfc171f1c63296a6dd8d523cc6c07d2bb
  languageName: node
  linkType: hard

"@material-ui/styles@npm:^4.10.0":
  version: 4.10.0
  resolution: "@material-ui/styles@npm:4.10.0"
  dependencies:
    "@babel/runtime": ^7.4.4
    "@emotion/hash": ^0.8.0
    "@material-ui/types": ^5.1.0
    "@material-ui/utils": ^4.9.6
    clsx: ^1.0.4
    csstype: ^2.5.2
    hoist-non-react-statics: ^3.3.2
    jss: ^10.0.3
    jss-plugin-camel-case: ^10.0.3
    jss-plugin-default-unit: ^10.0.3
    jss-plugin-global: ^10.0.3
    jss-plugin-nested: ^10.0.3
    jss-plugin-props-sort: ^10.0.3
    jss-plugin-rule-value-function: ^10.0.3
    jss-plugin-vendor-prefixer: ^10.0.3
    prop-types: ^15.7.2
  peerDependencies:
    "@types/react": ^16.8.6
    react: ^16.8.0
    react-dom: ^16.8.0
  peerDependenciesMeta:
    "@types/react":
      optional: true
  checksum: 928821cb46416d494703f57d1c1f4d20137679d5eb23f01695b4a1afaec80dbb0f4011be2936496b1b5092bde4fb69f9cb1e747de927d05a5a05451cd24699a0
  languageName: node
  linkType: hard

"@material-ui/system@npm:^4.9.14":
  version: 4.9.14
  resolution: "@material-ui/system@npm:4.9.14"
  dependencies:
    "@babel/runtime": ^7.4.4
    "@material-ui/utils": ^4.9.6
    csstype: ^2.5.2
    prop-types: ^15.7.2
  peerDependencies:
    "@types/react": ^16.8.6
    react: ^16.8.0
    react-dom: ^16.8.0
  peerDependenciesMeta:
    "@types/react":
      optional: true
  checksum: f1be6f4564e1c1ec023885b2bf72e6b5cc1354a929d95dcf10640efcdef3763d877b58c1b84f660eaacad4a21478da62e21aaa20b871b0bc40a41a64037c19a2
  languageName: node
  linkType: hard

"@material-ui/types@npm:^5.1.0":
  version: 5.1.0
  resolution: "@material-ui/types@npm:5.1.0"
  peerDependencies:
    "@types/react": "*"
  peerDependenciesMeta:
    "@types/react":
      optional: true
  checksum: 098567661854c0c7e886813f09690324fec3e2136cd79fa600949940ae30b8326eb2843fc8f65108cb0f53e1a6f8be5af7d4b5f884ba10b39c4c9d2a0105d3f5
  languageName: node
  linkType: hard

"@material-ui/utils@npm:^4.10.2, @material-ui/utils@npm:^4.9.6":
  version: 4.10.2
  resolution: "@material-ui/utils@npm:4.10.2"
  dependencies:
    "@babel/runtime": ^7.4.4
    prop-types: ^15.7.2
    react-is: ^16.8.0
  peerDependencies:
    react: ^16.8.0
    react-dom: ^16.8.0
  checksum: 53b2a9ca15fce2b692c41bec9e59a10c47c2527a864f81081432d92bd82fbf8748200df6c52dc4ae459f041740ec599cd34f62b210a50b27992b4032742a273f
  languageName: node
  linkType: hard

"@types/prop-types@npm:*":
  version: 15.7.3
  resolution: "@types/prop-types@npm:15.7.3"
  checksum: bd0eab69d5120ad3784d0c9985f902653d5924707a7f2b3702a330e762dfd61b6494954cb54ad0c52b918ffd6f1e7e27c9270e4442bc15250de348596f2f60cb
  languageName: node
  linkType: hard

"@types/react-transition-group@npm:^4.2.0":
  version: 4.4.0
  resolution: "@types/react-transition-group@npm:4.4.0"
  dependencies:
    "@types/react": "*"
  checksum: b761f70623ca2a386a310536886e7ceed15087e59a3b6c68478c9965d38edd819c5b29e3fb79a5d911ee4b1db5ab397ae0ebb5a5ddf98f08708a6d592cb7c256
  languageName: node
  linkType: hard

"@types/react@npm:*":
  version: 16.9.53
  resolution: "@types/react@npm:16.9.53"
  dependencies:
    "@types/prop-types": "*"
    csstype: ^3.0.2
  checksum: 01c646c8f08306660441a14495e926c0362114da7813c3bc3d4d58b47590ee92274bbbff18f3fafd465a09369daa25982d68ba6628f1080120b62d40ce75ca40
  languageName: node
  linkType: hard

"clsx@npm:^1.0.4":
  version: 1.1.1
  resolution: "clsx@npm:1.1.1"
  checksum: d8ae10ac0546da19fe8c9516886f6582a64a382cf4d09ea7d36d5287cafbdab1192ab249adc2cdf0310e0b0aeac4f4142cf7c738c98d9cb68c19ba24b6f673d5
  languageName: node
  linkType: hard

"css-vendor@npm:^2.0.8":
  version: 2.0.8
  resolution: "css-vendor@npm:2.0.8"
  dependencies:
    "@babel/runtime": ^7.8.3
    is-in-browser: ^1.0.2
  checksum: a185d200db498b77df517c5378c760bcdcc5104e6fee046f8c8c399d7d3708e6b4f292f05a27f6b5dae7a3539caa63884a10cb72a45f75749bae73ac87175ed4
  languageName: node
  linkType: hard

"csstype@npm:^2.5.2":
  version: 2.6.13
  resolution: "csstype@npm:2.6.13"
  checksum: 0a84ef4b068e464039ee4cc79e621a38b4b8b5c683fd12d42dbb810e6457ac454c3c7e578e4d327f958fc563fc03aec0e74b57180abd5804d6e2590ae3cf7086
  languageName: node
  linkType: hard

"csstype@npm:^3.0.2":
  version: 3.0.3
  resolution: "csstype@npm:3.0.3"
  checksum: ec722366b468229bcc6c7fa3f07eb795efddfc4fdcfeb81728046f8bd20e21584735e89973ec18e8b0d4d3c8dddb288872440ee034836c159d664798da4cf832
  languageName: node
  linkType: hard

"dom-helpers@npm:^5.0.1":
  version: 5.2.0
  resolution: "dom-helpers@npm:5.2.0"
  dependencies:
    "@babel/runtime": ^7.8.7
    csstype: ^3.0.2
  checksum: 9ef27628f4ccfdfa0537b35ecf3b9600f1656f9c66f57a1530b552a65b51f4466d44514f2cb87399a15feee3c51047a77760327971e9aabc64fe637efd319156
  languageName: node
  linkType: hard

"hoist-non-react-statics@npm:^3.3.2":
  version: 3.3.2
  resolution: "hoist-non-react-statics@npm:3.3.2"
  dependencies:
    react-is: ^16.7.0
  checksum: d3e3791d6e3a2741ce0ba38e878081dec49247ef22982a990c80941ee1f564ef16cd5a511bcc8c5e54f1ce8205535e0414ca5feea722c0690c80040be7ebf9df
  languageName: node
  linkType: hard

"hyphenate-style-name@npm:^1.0.3":
  version: 1.0.4
  resolution: "hyphenate-style-name@npm:1.0.4"
  checksum: 4cfeb47e98eab9c25e6dece20da772cc914a9f8e5ee794cf8db105b0649dd64a61d8ee8ff32acf23ae0ac181db8fcbe4a6abb2f7de48ae52b42a85bbf1aacb86
  languageName: node
  linkType: hard

"is-in-browser@npm:^1.0.2, is-in-browser@npm:^1.1.3":
  version: 1.1.3
  resolution: "is-in-browser@npm:1.1.3"
  checksum: 2696bb61677f15181c32a552c0d1aeea33fc8a5c945e2f21e6673207b256b6cf8170a94f6e9f4e242dc943aaa4325eacad709ac1ec6fd82767f3367755bab5ce
  languageName: node
  linkType: hard

"js-tokens@npm:^3.0.0 || ^4.0.0":
  version: 4.0.0
  resolution: "js-tokens@npm:4.0.0"
  checksum: 1fc4e4667ac2d972aba65148b9cbf9c17566b2394d3504238d8492bbd3e68f496c657eab06b26b40b17db5cac0a34d153a12130e2d2d2bb6dc2cdc8a4764eb1b
  languageName: node
  linkType: hard

"jss-plugin-camel-case@npm:^10.0.3":
  version: 10.4.0
  resolution: "jss-plugin-camel-case@npm:10.4.0"
  dependencies:
    "@babel/runtime": ^7.3.1
    hyphenate-style-name: ^1.0.3
    jss: 10.4.0
  checksum: 80101373dbe5a1b8faccb147e66ee0bd921139e88be52b50e7b226329af406185cb89d49b038d91525f3a26800859ccf500f5ebf2877000d059ecd90ede5a973
  languageName: node
  linkType: hard

"jss-plugin-default-unit@npm:^10.0.3":
  version: 10.4.0
  resolution: "jss-plugin-default-unit@npm:10.4.0"
  dependencies:
    "@babel/runtime": ^7.3.1
    jss: 10.4.0
  checksum: a04db0607fa35fb947a09a998991e8d35b2d992381fb2fcdf9bce6b646aee85413bec57ec9f53412fb8d6c0490eb59e5fa1439bd91b270612ff5515345516c77
  languageName: node
  linkType: hard

"jss-plugin-global@npm:^10.0.3":
  version: 10.4.0
  resolution: "jss-plugin-global@npm:10.4.0"
  dependencies:
    "@babel/runtime": ^7.3.1
    jss: 10.4.0
  checksum: 2a4321673d12fe1fa5e0dcd1a09fac2954e202126015daf199c84e20e4a947736765427f83e8232bc2f75e61bdda0478b86b0b4f935f63889c2b81e9849afe92
  languageName: node
  linkType: hard

"jss-plugin-nested@npm:^10.0.3":
  version: 10.4.0
  resolution: "jss-plugin-nested@npm:10.4.0"
  dependencies:
    "@babel/runtime": ^7.3.1
    jss: 10.4.0
    tiny-warning: ^1.0.2
  checksum: fb19e91821e60cbfafdf102b9c1a9b1b386eaf850bcbd4d50aa9be782e866091ca8a62567ce7adb4804d4fae8ec2d8a31cf528e9167b0ed42eebdf7660fe6e5d
  languageName: node
  linkType: hard

"jss-plugin-props-sort@npm:^10.0.3":
  version: 10.4.0
  resolution: "jss-plugin-props-sort@npm:10.4.0"
  dependencies:
    "@babel/runtime": ^7.3.1
    jss: 10.4.0
  checksum: 754950797307acb57356f184cb9a4c163960c08e16f6f744a63039f02fc81999e07ef84f3d68332cb8daf0e47eff38ad44af70c4ebcdaee155849bf742930ce2
  languageName: node
  linkType: hard

"jss-plugin-rule-value-function@npm:^10.0.3":
  version: 10.4.0
  resolution: "jss-plugin-rule-value-function@npm:10.4.0"
  dependencies:
    "@babel/runtime": ^7.3.1
    jss: 10.4.0
    tiny-warning: ^1.0.2
  checksum: 4cf567502a5c4992a245dc9074b518b2959a7b5940428dac8cb66ac548e27f5b60c158f58dbbcf3e4f0dc39ed845ca082148f03e9ba42dfb4e7fa91e77119352
  languageName: node
  linkType: hard

"jss-plugin-vendor-prefixer@npm:^10.0.3":
  version: 10.4.0
  resolution: "jss-plugin-vendor-prefixer@npm:10.4.0"
  dependencies:
    "@babel/runtime": ^7.3.1
    css-vendor: ^2.0.8
    jss: 10.4.0
  checksum: 6206fb0a3f7c4c488a5e40995285680bf57a79bcf3c877dc183a8d492b3cc0fd67baf8b247703fd08112a5f0fb76db334f7b79a6060ee9e3646ab6df70fad35c
  languageName: node
  linkType: hard

"jss@npm:10.4.0, jss@npm:^10.0.3":
  version: 10.4.0
  resolution: "jss@npm:10.4.0"
  dependencies:
    "@babel/runtime": ^7.3.1
    csstype: ^3.0.2
    is-in-browser: ^1.1.3
    tiny-warning: ^1.0.2
  checksum: bc3cc9adba558c49e17d990ddefba2132e67b195bd5ddd2204f392238b31a8e43ef23d993cb4a8bdc4da10fb72a743d7171cac7e8b2dd971eddc0638c917dcc5
  languageName: node
  linkType: hard

"loose-envify@npm:^1.4.0":
  version: 1.4.0
  resolution: "loose-envify@npm:1.4.0"
  dependencies:
    js-tokens: ^3.0.0 || ^4.0.0
  bin:
    loose-envify: cli.js
  checksum: 5c3b47bbe5f597a3889fb001a3a98aaea2a3fafa48089c19034de1e0121bf57dbee609d184478514d74d5c5a7e9cfa3d846343455e5123b060040d46c39e91dc
  languageName: node
  linkType: hard

"object-assign@npm:^4.1.1":
  version: 4.1.1
  resolution: "object-assign@npm:4.1.1"
  checksum: 66cf021898fc1b13ea573ea8635fbd5a76533f50cecbc2fcd5eee1e8029af41bcebe7023788b6d0e06cbe4401ecea075d972f78ec74467cdc571a0f1a4d1a081
  languageName: node
  linkType: hard

"popper.js@npm:1.16.1-lts":
  version: 1.16.1-lts
  resolution: "popper.js@npm:1.16.1-lts"
  checksum: 93704853f7e737e3f34cf16d72556a28ccdb041f9046e1f205566d1577132c871a7f0168cb77d8b9a3854f280b03722485231666555f149ae4330beddde70a7b
  languageName: node
  linkType: hard

"portfolio@workspace:.":
  version: 0.0.0-use.local
  resolution: "portfolio@workspace:."
  dependencies:
    "@material-ui/core": ^4.11.0
    "@material-ui/icons": ^4.9.1
  languageName: unknown
  linkType: soft

"prop-types@npm:^15.6.2, prop-types@npm:^15.7.2":
  version: 15.7.2
  resolution: "prop-types@npm:15.7.2"
  dependencies:
    loose-envify: ^1.4.0
    object-assign: ^4.1.1
    react-is: ^16.8.1
  checksum: a440dd406c5cf53bf39f3e898d2c65178511d34ca3c8c789b30c177992408b9e4273969726b274719aa69ccce5ab34b2fd8caa60b90f23cd2e910cdcf682de52
  languageName: node
  linkType: hard

"react-is@npm:^16.7.0, react-is@npm:^16.8.0, react-is@npm:^16.8.1":
  version: 16.13.1
  resolution: "react-is@npm:16.13.1"
  checksum: 11bcf1267a314a522615f626f3ce3727a3a24cdbf61c4d452add3550a7875326669631326cfb1ba3e92b6f72244c32ffecf93ad21c0cad8455d3e169d0e3f060
  languageName: node
  linkType: hard

"react-transition-group@npm:^4.4.0":
  version: 4.4.1
  resolution: "react-transition-group@npm:4.4.1"
  dependencies:
    "@babel/runtime": ^7.5.5
    dom-helpers: ^5.0.1
    loose-envify: ^1.4.0
    prop-types: ^15.6.2
  peerDependencies:
    react: ">=16.6.0"
    react-dom: ">=16.6.0"
  checksum: e14446123f820e804335c64be5270333c29e8cfaa43dfc33387e132c5d521cf4a0a7c2408058a147b254ae82a6569f373394d83e977ef340d6937bc2f4ff7d6c
  languageName: node
  linkType: hard

"regenerator-runtime@npm:^0.13.4":
  version: 0.13.7
  resolution: "regenerator-runtime@npm:0.13.7"
  checksum: 6ef567c662088b1b292214920cbd72443059298d477f72e1a37e0a113bafbfac9057cbfe35ae617284effc4b423493326a78561bbff7b04162c7949bdb9624e8
  languageName: node
  linkType: hard

"tiny-warning@npm:^1.0.2":
  version: 1.0.3
  resolution: "tiny-warning@npm:1.0.3"
  checksum: 6cf9f66cb765b893976b8cd1c1310338861f30fb04d02ef2c8e0a748cbc2ed5acd8bb1954b78c15f640ad4116def67134d7d705f2a0c9bf27e6e2eb3e92bff29
  languageName: node
  linkType: hard
